// !$*UTF8*$!
{
	archiveVersion = 1;
	classes = {
	};
	objectVersion = 56;
	objects = {

/* Begin PBXBuildFile section */
		092C08CC2C841B4F00FE5A6F /* AppDelegate.swift in Sources */ = {isa = PBXBuildFile; fileRef = 092C08CB2C841B4F00FE5A6F /* AppDelegate.swift */; };
		092C08CE2C841B4F00FE5A6F /* SceneDelegate.swift in Sources */ = {isa = PBXBuildFile; fileRef = 092C08CD2C841B4F00FE5A6F /* SceneDelegate.swift */; };
		092C08D02C841B4F00FE5A6F /* MainViewController.swift in Sources */ = {isa = PBXBuildFile; fileRef = 092C08CF2C841B4F00FE5A6F /* MainViewController.swift */; };
		092C08D32C841B4F00FE5A6F /* Base in Resources */ = {isa = PBXBuildFile; fileRef = 092C08D22C841B4F00FE5A6F /* Base */; };
		092C08D52C841B5000FE5A6F /* Assets.xcassets in Resources */ = {isa = PBXBuildFile; fileRef = 092C08D42C841B5000FE5A6F /* Assets.xcassets */; };
		092C08D82C841B5000FE5A6F /* Base in Resources */ = {isa = PBXBuildFile; fileRef = 092C08D72C841B5000FE5A6F /* Base */; };
		092C08E32C841B5000FE5A6F /* swift_sampleTests.swift in Sources */ = {isa = PBXBuildFile; fileRef = 092C08E22C841B5000FE5A6F /* swift_sampleTests.swift */; };
		092C08ED2C841B5000FE5A6F /* swift_sampleUITests.swift in Sources */ = {isa = PBXBuildFile; fileRef = 092C08EC2C841B5000FE5A6F /* swift_sampleUITests.swift */; };
		092C08EF2C841B5000FE5A6F /* swift_sampleUITestsLaunchTests.swift in Sources */ = {isa = PBXBuildFile; fileRef = 092C08EE2C841B5000FE5A6F /* swift_sampleUITestsLaunchTests.swift */; };
		092C09012C841F3400FE5A6F /* SampleButton.swift in Sources */ = {isa = PBXBuildFile; fileRef = 092C09002C841F3400FE5A6F /* SampleButton.swift */; };
		0950F8F32C92CF98000AD5EC /* DisableButton.swift in Sources */ = {isa = PBXBuildFile; fileRef = 0950F8F22C92CF98000AD5EC /* DisableButton.swift */; };
		0950F8F52C92D15E000AD5EC /* SystemBGColorView.swift in Sources */ = {isa = PBXBuildFile; fileRef = 0950F8F42C92D15E000AD5EC /* SystemBGColorView.swift */; };
		0950F8F72C92DA53000AD5EC /* SampleLabel.swift in Sources */ = {isa = PBXBuildFile; fileRef = 0950F8F62C92DA53000AD5EC /* SampleLabel.swift */; };
		0969B6942C8EE73400644EB8 /* UIColorExtension.swift in Sources */ = {isa = PBXBuildFile; fileRef = 0969B6932C8EE73400644EB8 /* UIColorExtension.swift */; };
		099C4FC12C8D739000D1EC8B /* MenuListModel.swift in Sources */ = {isa = PBXBuildFile; fileRef = 099C4FC02C8D739000D1EC8B /* MenuListModel.swift */; };
		099C4FC32C8D746D00D1EC8B /* MenuListItems.swift in Sources */ = {isa = PBXBuildFile; fileRef = 099C4FC22C8D746D00D1EC8B /* MenuListItems.swift */; };
		099C4FC52C8D748A00D1EC8B /* MenuListItem.swift in Sources */ = {isa = PBXBuildFile; fileRef = 099C4FC42C8D748A00D1EC8B /* MenuListItem.swift */; };
		09C7C6A92C84423E001E78EB /* ButtonViewController.swift in Sources */ = {isa = PBXBuildFile; fileRef = 09C7C6A82C84423E001E78EB /* ButtonViewController.swift */; };
		09C7C6AB2C844429001E78EB /* Button.storyboard in Resources */ = {isa = PBXBuildFile; fileRef = 09C7C6AA2C844429001E78EB /* Button.storyboard */; };
		09C7C6AD2C844558001E78EB /* MenuList.storyboard in Resources */ = {isa = PBXBuildFile; fileRef = 09C7C6AC2C844558001E78EB /* MenuList.storyboard */; };
		09C7C6AF2C844566001E78EB /* MenuListViewController.swift in Sources */ = {isa = PBXBuildFile; fileRef = 09C7C6AE2C844566001E78EB /* MenuListViewController.swift */; };
		09C7C6B22C8445A4001E78EB /* MenuListTableView.swift in Sources */ = {isa = PBXBuildFile; fileRef = 09C7C6B12C8445A4001E78EB /* MenuListTableView.swift */; };
		09C7C6B42C8445B1001E78EB /* MenuListTableViewCell.swift in Sources */ = {isa = PBXBuildFile; fileRef = 09C7C6B32C8445B1001E78EB /* MenuListTableViewCell.swift */; };
		1D5E68BDD68A559E91727410 /* Pods_swift_sample.framework in Frameworks */ = {isa = PBXBuildFile; fileRef = 635CE685B70B8F45D5526770 /* Pods_swift_sample.framework */; };
		63C3359B340E98B904481AD8 /* Pods_swift_sample_swift_sampleUITests.framework in Frameworks */ = {isa = PBXBuildFile; fileRef = 83734ECA5399C15927048096 /* Pods_swift_sample_swift_sampleUITests.framework */; };
		D5F6D50C4F4F4A19E749FC36 /* Pods_swift_sampleTests.framework in Frameworks */ = {isa = PBXBuildFile; fileRef = 305D78ACE901DE286C31735E /* Pods_swift_sampleTests.framework */; };
/* End PBXBuildFile section */

/* Begin PBXContainerItemProxy section */
		092C08DF2C841B5000FE5A6F /* PBXContainerItemProxy */ = {
			isa = PBXContainerItemProxy;
			containerPortal = 092C08C02C841B4F00FE5A6F /* Project object */;
			proxyType = 1;
			remoteGlobalIDString = 092C08C72C841B4F00FE5A6F;
			remoteInfo = "swift-sample";
		};
		092C08E92C841B5000FE5A6F /* PBXContainerItemProxy */ = {
			isa = PBXContainerItemProxy;
			containerPortal = 092C08C02C841B4F00FE5A6F /* Project object */;
			proxyType = 1;
			remoteGlobalIDString = 092C08C72C841B4F00FE5A6F;
			remoteInfo = "swift-sample";
		};
/* End PBXContainerItemProxy section */

/* Begin PBXFileReference section */
		092C08C82C841B4F00FE5A6F /* swift-sample.app */ = {isa = PBXFileReference; explicitFileType = wrapper.application; includeInIndex = 0; path = "swift-sample.app"; sourceTree = BUILT_PRODUCTS_DIR; };
		092C08CB2C841B4F00FE5A6F /* AppDelegate.swift */ = {isa = PBXFileReference; lastKnownFileType = sourcecode.swift; path = AppDelegate.swift; sourceTree = "<group>"; };
		092C08CD2C841B4F00FE5A6F /* SceneDelegate.swift */ = {isa = PBXFileReference; lastKnownFileType = sourcecode.swift; path = SceneDelegate.swift; sourceTree = "<group>"; };
		092C08CF2C841B4F00FE5A6F /* MainViewController.swift */ = {isa = PBXFileReference; lastKnownFileType = sourcecode.swift; path = MainViewController.swift; sourceTree = "<group>"; };
		092C08D22C841B4F00FE5A6F /* Base */ = {isa = PBXFileReference; lastKnownFileType = file.storyboard; name = Base; path = Base.lproj/Main.storyboard; sourceTree = "<group>"; };
		092C08D42C841B5000FE5A6F /* Assets.xcassets */ = {isa = PBXFileReference; lastKnownFileType = folder.assetcatalog; path = Assets.xcassets; sourceTree = "<group>"; };
		092C08D72C841B5000FE5A6F /* Base */ = {isa = PBXFileReference; lastKnownFileType = file.storyboard; name = Base; path = Base.lproj/LaunchScreen.storyboard; sourceTree = "<group>"; };
		092C08D92C841B5000FE5A6F /* Info.plist */ = {isa = PBXFileReference; lastKnownFileType = text.plist.xml; path = Info.plist; sourceTree = "<group>"; };
		092C08DE2C841B5000FE5A6F /* swift-sampleTests.xctest */ = {isa = PBXFileReference; explicitFileType = wrapper.cfbundle; includeInIndex = 0; path = "swift-sampleTests.xctest"; sourceTree = BUILT_PRODUCTS_DIR; };
		092C08E22C841B5000FE5A6F /* swift_sampleTests.swift */ = {isa = PBXFileReference; lastKnownFileType = sourcecode.swift; path = swift_sampleTests.swift; sourceTree = "<group>"; };
		092C08E82C841B5000FE5A6F /* swift-sampleUITests.xctest */ = {isa = PBXFileReference; explicitFileType = wrapper.cfbundle; includeInIndex = 0; path = "swift-sampleUITests.xctest"; sourceTree = BUILT_PRODUCTS_DIR; };
		092C08EC2C841B5000FE5A6F /* swift_sampleUITests.swift */ = {isa = PBXFileReference; lastKnownFileType = sourcecode.swift; path = swift_sampleUITests.swift; sourceTree = "<group>"; };
		092C08EE2C841B5000FE5A6F /* swift_sampleUITestsLaunchTests.swift */ = {isa = PBXFileReference; lastKnownFileType = sourcecode.swift; path = swift_sampleUITestsLaunchTests.swift; sourceTree = "<group>"; };
		092C09002C841F3400FE5A6F /* SampleButton.swift */ = {isa = PBXFileReference; lastKnownFileType = sourcecode.swift; path = SampleButton.swift; sourceTree = "<group>"; };
		0950F8F22C92CF98000AD5EC /* DisableButton.swift */ = {isa = PBXFileReference; lastKnownFileType = sourcecode.swift; path = DisableButton.swift; sourceTree = "<group>"; };
		0950F8F42C92D15E000AD5EC /* SystemBGColorView.swift */ = {isa = PBXFileReference; lastKnownFileType = sourcecode.swift; path = SystemBGColorView.swift; sourceTree = "<group>"; };
		0950F8F62C92DA53000AD5EC /* SampleLabel.swift */ = {isa = PBXFileReference; lastKnownFileType = sourcecode.swift; path = SampleLabel.swift; sourceTree = "<group>"; };
		0969B6932C8EE73400644EB8 /* UIColorExtension.swift */ = {isa = PBXFileReference; lastKnownFileType = sourcecode.swift; path = UIColorExtension.swift; sourceTree = "<group>"; };
		099C4FC02C8D739000D1EC8B /* MenuListModel.swift */ = {isa = PBXFileReference; lastKnownFileType = sourcecode.swift; path = MenuListModel.swift; sourceTree = "<group>"; };
		099C4FC22C8D746D00D1EC8B /* MenuListItems.swift */ = {isa = PBXFileReference; lastKnownFileType = sourcecode.swift; path = MenuListItems.swift; sourceTree = "<group>"; };
		099C4FC42C8D748A00D1EC8B /* MenuListItem.swift */ = {isa = PBXFileReference; lastKnownFileType = sourcecode.swift; path = MenuListItem.swift; sourceTree = "<group>"; };
		09C7C6A82C84423E001E78EB /* ButtonViewController.swift */ = {isa = PBXFileReference; lastKnownFileType = sourcecode.swift; path = ButtonViewController.swift; sourceTree = "<group>"; };
		09C7C6AA2C844429001E78EB /* Button.storyboard */ = {isa = PBXFileReference; lastKnownFileType = file.storyboard; path = Button.storyboard; sourceTree = "<group>"; };
		09C7C6AC2C844558001E78EB /* MenuList.storyboard */ = {isa = PBXFileReference; lastKnownFileType = file.storyboard; path = MenuList.storyboard; sourceTree = "<group>"; };
		09C7C6AE2C844566001E78EB /* MenuListViewController.swift */ = {isa = PBXFileReference; lastKnownFileType = sourcecode.swift; path = MenuListViewController.swift; sourceTree = "<group>"; };
		09C7C6B12C8445A4001E78EB /* MenuListTableView.swift */ = {isa = PBXFileReference; lastKnownFileType = sourcecode.swift; path = MenuListTableView.swift; sourceTree = "<group>"; };
		09C7C6B32C8445B1001E78EB /* MenuListTableViewCell.swift */ = {isa = PBXFileReference; lastKnownFileType = sourcecode.swift; path = MenuListTableViewCell.swift; sourceTree = "<group>"; };
		305D78ACE901DE286C31735E /* Pods_swift_sampleTests.framework */ = {isa = PBXFileReference; explicitFileType = wrapper.framework; includeInIndex = 0; path = Pods_swift_sampleTests.framework; sourceTree = BUILT_PRODUCTS_DIR; };
		333663AA5DBB52CC91A2EF21 /* Pods-swift-sample.debug.xcconfig */ = {isa = PBXFileReference; includeInIndex = 1; lastKnownFileType = text.xcconfig; name = "Pods-swift-sample.debug.xcconfig"; path = "Target Support Files/Pods-swift-sample/Pods-swift-sample.debug.xcconfig"; sourceTree = "<group>"; };
		4324D25CECC828AD8CD328F4 /* Pods-swift-sample-swift-sampleUITests.release.xcconfig */ = {isa = PBXFileReference; includeInIndex = 1; lastKnownFileType = text.xcconfig; name = "Pods-swift-sample-swift-sampleUITests.release.xcconfig"; path = "Target Support Files/Pods-swift-sample-swift-sampleUITests/Pods-swift-sample-swift-sampleUITests.release.xcconfig"; sourceTree = "<group>"; };
		635CE685B70B8F45D5526770 /* Pods_swift_sample.framework */ = {isa = PBXFileReference; explicitFileType = wrapper.framework; includeInIndex = 0; path = Pods_swift_sample.framework; sourceTree = BUILT_PRODUCTS_DIR; };
		83734ECA5399C15927048096 /* Pods_swift_sample_swift_sampleUITests.framework */ = {isa = PBXFileReference; explicitFileType = wrapper.framework; includeInIndex = 0; path = Pods_swift_sample_swift_sampleUITests.framework; sourceTree = BUILT_PRODUCTS_DIR; };
		C3FB58B16F7557D4C769D009 /* Pods-swift-sample.release.xcconfig */ = {isa = PBXFileReference; includeInIndex = 1; lastKnownFileType = text.xcconfig; name = "Pods-swift-sample.release.xcconfig"; path = "Target Support Files/Pods-swift-sample/Pods-swift-sample.release.xcconfig"; sourceTree = "<group>"; };
		D4DAD498353C85946BC10F76 /* Pods-swift-sampleTests.debug.xcconfig */ = {isa = PBXFileReference; includeInIndex = 1; lastKnownFileType = text.xcconfig; name = "Pods-swift-sampleTests.debug.xcconfig"; path = "Target Support Files/Pods-swift-sampleTests/Pods-swift-sampleTests.debug.xcconfig"; sourceTree = "<group>"; };
		E79955541E55E40A31A657BF /* Pods-swift-sampleTests.release.xcconfig */ = {isa = PBXFileReference; includeInIndex = 1; lastKnownFileType = text.xcconfig; name = "Pods-swift-sampleTests.release.xcconfig"; path = "Target Support Files/Pods-swift-sampleTests/Pods-swift-sampleTests.release.xcconfig"; sourceTree = "<group>"; };
		EB6D179D5752103BEE3DCFE6 /* Pods-swift-sample-swift-sampleUITests.debug.xcconfig */ = {isa = PBXFileReference; includeInIndex = 1; lastKnownFileType = text.xcconfig; name = "Pods-swift-sample-swift-sampleUITests.debug.xcconfig"; path = "Target Support Files/Pods-swift-sample-swift-sampleUITests/Pods-swift-sample-swift-sampleUITests.debug.xcconfig"; sourceTree = "<group>"; };
/* End PBXFileReference section */

/* Begin PBXFrameworksBuildPhase section */
		092C08C52C841B4F00FE5A6F /* Frameworks */ = {
			isa = PBXFrameworksBuildPhase;
			buildActionMask = 2147483647;
			files = (
				1D5E68BDD68A559E91727410 /* Pods_swift_sample.framework in Frameworks */,
			);
			runOnlyForDeploymentPostprocessing = 0;
		};
		092C08DB2C841B5000FE5A6F /* Frameworks */ = {
			isa = PBXFrameworksBuildPhase;
			buildActionMask = 2147483647;
			files = (
				D5F6D50C4F4F4A19E749FC36 /* Pods_swift_sampleTests.framework in Frameworks */,
			);
			runOnlyForDeploymentPostprocessing = 0;
		};
		092C08E52C841B5000FE5A6F /* Frameworks */ = {
			isa = PBXFrameworksBuildPhase;
			buildActionMask = 2147483647;
			files = (
				63C3359B340E98B904481AD8 /* Pods_swift_sample_swift_sampleUITests.framework in Frameworks */,
			);
			runOnlyForDeploymentPostprocessing = 0;
		};
/* End PBXFrameworksBuildPhase section */

/* Begin PBXGroup section */
		0261B091B49EF50CAB0DBD49 /* Pods */ = {
			isa = PBXGroup;
			children = (
				333663AA5DBB52CC91A2EF21 /* Pods-swift-sample.debug.xcconfig */,
				C3FB58B16F7557D4C769D009 /* Pods-swift-sample.release.xcconfig */,
				EB6D179D5752103BEE3DCFE6 /* Pods-swift-sample-swift-sampleUITests.debug.xcconfig */,
				4324D25CECC828AD8CD328F4 /* Pods-swift-sample-swift-sampleUITests.release.xcconfig */,
				D4DAD498353C85946BC10F76 /* Pods-swift-sampleTests.debug.xcconfig */,
				E79955541E55E40A31A657BF /* Pods-swift-sampleTests.release.xcconfig */,
			);
			path = Pods;
			sourceTree = "<group>";
		};
		092C08BF2C841B4F00FE5A6F = {
			isa = PBXGroup;
			children = (
				092C08CA2C841B4F00FE5A6F /* swift-sample */,
				092C08E12C841B5000FE5A6F /* swift-sampleTests */,
				092C08EB2C841B5000FE5A6F /* swift-sampleUITests */,
				092C08C92C841B4F00FE5A6F /* Products */,
				0261B091B49EF50CAB0DBD49 /* Pods */,
				598083F51A786C689244EE57 /* Frameworks */,
			);
			sourceTree = "<group>";
		};
		092C08C92C841B4F00FE5A6F /* Products */ = {
			isa = PBXGroup;
			children = (
				092C08C82C841B4F00FE5A6F /* swift-sample.app */,
				092C08DE2C841B5000FE5A6F /* swift-sampleTests.xctest */,
				092C08E82C841B5000FE5A6F /* swift-sampleUITests.xctest */,
			);
			name = Products;
			sourceTree = "<group>";
		};
		092C08CA2C841B4F00FE5A6F /* swift-sample */ = {
			isa = PBXGroup;
			children = (
				099C4FBD2C8D720200D1EC8B /* Database */,
				099C4FBE2C8D720500D1EC8B /* Domain */,
				099C4FBA2C85BC1100D1EC8B /* Functions */,
				09C7C6B52C846E08001E78EB /* Utils */,
				092C08CB2C841B4F00FE5A6F /* AppDelegate.swift */,
				092C08CD2C841B4F00FE5A6F /* SceneDelegate.swift */,
				092C08D42C841B5000FE5A6F /* Assets.xcassets */,
				092C08D62C841B5000FE5A6F /* LaunchScreen.storyboard */,
				092C08D92C841B5000FE5A6F /* Info.plist */,
			);
			path = "swift-sample";
			sourceTree = "<group>";
		};
		092C08E12C841B5000FE5A6F /* swift-sampleTests */ = {
			isa = PBXGroup;
			children = (
				092C08E22C841B5000FE5A6F /* swift_sampleTests.swift */,
			);
			path = "swift-sampleTests";
			sourceTree = "<group>";
		};
		092C08EB2C841B5000FE5A6F /* swift-sampleUITests */ = {
			isa = PBXGroup;
			children = (
				092C08EC2C841B5000FE5A6F /* swift_sampleUITests.swift */,
				092C08EE2C841B5000FE5A6F /* swift_sampleUITestsLaunchTests.swift */,
			);
			path = "swift-sampleUITests";
			sourceTree = "<group>";
		};
		092C08FB2C841E2100FE5A6F /* MenuList */ = {
			isa = PBXGroup;
			children = (
				099C4FBF2C8D727700D1EC8B /* Models */,
				09C7C6B02C844584001E78EB /* ViewModels */,
				09C7C6AC2C844558001E78EB /* MenuList.storyboard */,
				09C7C6AE2C844566001E78EB /* MenuListViewController.swift */,
			);
			path = MenuList;
			sourceTree = "<group>";
		};
		092C08FC2C841EA200FE5A6F /* Main */ = {
			isa = PBXGroup;
			children = (
				092C08CF2C841B4F00FE5A6F /* MainViewController.swift */,
				092C08D12C841B4F00FE5A6F /* Main.storyboard */,
			);
			path = Main;
			sourceTree = "<group>";
		};
		092C08FD2C841EDE00FE5A6F /* ViewModels */ = {
			isa = PBXGroup;
			children = (
				0950F8F22C92CF98000AD5EC /* DisableButton.swift */,
				092C09002C841F3400FE5A6F /* SampleButton.swift */,
				0950F8F62C92DA53000AD5EC /* SampleLabel.swift */,
				0950F8F42C92D15E000AD5EC /* SystemBGColorView.swift */,
			);
			path = ViewModels;
			sourceTree = "<group>";
		};
		0969B6922C8EE4C100644EB8 /* Extensions */ = {
			isa = PBXGroup;
			children = (
				0969B6932C8EE73400644EB8 /* UIColorExtension.swift */,
			);
			path = Extensions;
			sourceTree = "<group>";
		};
		099C4FBA2C85BC1100D1EC8B /* Functions */ = {
			isa = PBXGroup;
			children = (
				09C7C6A72C8441DA001E78EB /* Button */,
				092C08FC2C841EA200FE5A6F /* Main */,
				092C08FB2C841E2100FE5A6F /* MenuList */,
			);
			path = Functions;
			sourceTree = "<group>";
		};
		099C4FBD2C8D720200D1EC8B /* Database */ = {
			isa = PBXGroup;
			children = (
			);
			path = Database;
			sourceTree = "<group>";
		};
		099C4FBE2C8D720500D1EC8B /* Domain */ = {
			isa = PBXGroup;
			children = (
				099C4FC42C8D748A00D1EC8B /* MenuListItem.swift */,
				099C4FC22C8D746D00D1EC8B /* MenuListItems.swift */,
			);
			path = Domain;
			sourceTree = "<group>";
		};
		099C4FBF2C8D727700D1EC8B /* Models */ = {
			isa = PBXGroup;
			children = (
				099C4FC02C8D739000D1EC8B /* MenuListModel.swift */,
			);
			path = Models;
			sourceTree = "<group>";
		};
		09C7C6A72C8441DA001E78EB /* Button */ = {
			isa = PBXGroup;
			children = (
				092C08FD2C841EDE00FE5A6F /* ViewModels */,
				09C7C6A82C84423E001E78EB /* ButtonViewController.swift */,
				09C7C6AA2C844429001E78EB /* Button.storyboard */,
			);
			path = Button;
			sourceTree = "<group>";
		};
		09C7C6B02C844584001E78EB /* ViewModels */ = {
			isa = PBXGroup;
			children = (
				09C7C6B12C8445A4001E78EB /* MenuListTableView.swift */,
				09C7C6B32C8445B1001E78EB /* MenuListTableViewCell.swift */,
			);
			path = ViewModels;
			sourceTree = "<group>";
		};
		09C7C6B52C846E08001E78EB /* Utils */ = {
			isa = PBXGroup;
			children = (
				0969B6922C8EE4C100644EB8 /* Extensions */,
			);
			path = Utils;
			sourceTree = "<group>";
		};
		598083F51A786C689244EE57 /* Frameworks */ = {
			isa = PBXGroup;
			children = (
				635CE685B70B8F45D5526770 /* Pods_swift_sample.framework */,
				83734ECA5399C15927048096 /* Pods_swift_sample_swift_sampleUITests.framework */,
				305D78ACE901DE286C31735E /* Pods_swift_sampleTests.framework */,
			);
			name = Frameworks;
			sourceTree = "<group>";
		};
/* End PBXGroup section */

/* Begin PBXNativeTarget section */
		092C08C72C841B4F00FE5A6F /* swift-sample */ = {
			isa = PBXNativeTarget;
			buildConfigurationList = 092C08F22C841B5000FE5A6F /* Build configuration list for PBXNativeTarget "swift-sample" */;
			buildPhases = (
				88FF0E614BEEC03181DCCD57 /* [CP] Check Pods Manifest.lock */,
				092C08C42C841B4F00FE5A6F /* Sources */,
				092C08C52C841B4F00FE5A6F /* Frameworks */,
				092C08C62C841B4F00FE5A6F /* Resources */,
			);
			buildRules = (
			);
			dependencies = (
			);
			name = "swift-sample";
			productName = "swift-sample";
			productReference = 092C08C82C841B4F00FE5A6F /* swift-sample.app */;
			productType = "com.apple.product-type.application";
		};
		092C08DD2C841B5000FE5A6F /* swift-sampleTests */ = {
			isa = PBXNativeTarget;
			buildConfigurationList = 092C08F52C841B5000FE5A6F /* Build configuration list for PBXNativeTarget "swift-sampleTests" */;
			buildPhases = (
				D6F30EC4F8BD9D3FF0478DB3 /* [CP] Check Pods Manifest.lock */,
				092C08DA2C841B5000FE5A6F /* Sources */,
				092C08DB2C841B5000FE5A6F /* Frameworks */,
				092C08DC2C841B5000FE5A6F /* Resources */,
			);
			buildRules = (
			);
			dependencies = (
				092C08E02C841B5000FE5A6F /* PBXTargetDependency */,
			);
			name = "swift-sampleTests";
			productName = "swift-sampleTests";
			productReference = 092C08DE2C841B5000FE5A6F /* swift-sampleTests.xctest */;
			productType = "com.apple.product-type.bundle.unit-test";
		};
		092C08E72C841B5000FE5A6F /* swift-sampleUITests */ = {
			isa = PBXNativeTarget;
			buildConfigurationList = 092C08F82C841B5000FE5A6F /* Build configuration list for PBXNativeTarget "swift-sampleUITests" */;
			buildPhases = (
				97893180D42EA8E1E0ECECA5 /* [CP] Check Pods Manifest.lock */,
				092C08E42C841B5000FE5A6F /* Sources */,
				092C08E52C841B5000FE5A6F /* Frameworks */,
				092C08E62C841B5000FE5A6F /* Resources */,
			);
			buildRules = (
			);
			dependencies = (
				092C08EA2C841B5000FE5A6F /* PBXTargetDependency */,
			);
			name = "swift-sampleUITests";
			productName = "swift-sampleUITests";
			productReference = 092C08E82C841B5000FE5A6F /* swift-sampleUITests.xctest */;
			productType = "com.apple.product-type.bundle.ui-testing";
		};
/* End PBXNativeTarget section */

/* Begin PBXProject section */
		092C08C02C841B4F00FE5A6F /* Project object */ = {
			isa = PBXProject;
			attributes = {
				BuildIndependentTargetsInParallel = 1;
				LastSwiftUpdateCheck = 1540;
				LastUpgradeCheck = 1540;
				TargetAttributes = {
					092C08C72C841B4F00FE5A6F = {
						CreatedOnToolsVersion = 15.4;
					};
					092C08DD2C841B5000FE5A6F = {
						CreatedOnToolsVersion = 15.4;
						TestTargetID = 092C08C72C841B4F00FE5A6F;
					};
					092C08E72C841B5000FE5A6F = {
						CreatedOnToolsVersion = 15.4;
						TestTargetID = 092C08C72C841B4F00FE5A6F;
					};
				};
			};
			buildConfigurationList = 092C08C32C841B4F00FE5A6F /* Build configuration list for PBXProject "swift-sample" */;
			compatibilityVersion = "Xcode 14.0";
			developmentRegion = en;
			hasScannedForEncodings = 0;
			knownRegions = (
				en,
				Base,
			);
			mainGroup = 092C08BF2C841B4F00FE5A6F;
			productRefGroup = 092C08C92C841B4F00FE5A6F /* Products */;
			projectDirPath = "";
			projectRoot = "";
			targets = (
				092C08C72C841B4F00FE5A6F /* swift-sample */,
				092C08DD2C841B5000FE5A6F /* swift-sampleTests */,
				092C08E72C841B5000FE5A6F /* swift-sampleUITests */,
			);
		};
/* End PBXProject section */

/* Begin PBXResourcesBuildPhase section */
		092C08C62C841B4F00FE5A6F /* Resources */ = {
			isa = PBXResourcesBuildPhase;
			buildActionMask = 2147483647;
			files = (
				09C7C6AB2C844429001E78EB /* Button.storyboard in Resources */,
				092C08D52C841B5000FE5A6F /* Assets.xcassets in Resources */,
				09C7C6AD2C844558001E78EB /* MenuList.storyboard in Resources */,
				092C08D82C841B5000FE5A6F /* Base in Resources */,
				092C08D32C841B4F00FE5A6F /* Base in Resources */,
			);
			runOnlyForDeploymentPostprocessing = 0;
		};
		092C08DC2C841B5000FE5A6F /* Resources */ = {
			isa = PBXResourcesBuildPhase;
			buildActionMask = 2147483647;
			files = (
			);
			runOnlyForDeploymentPostprocessing = 0;
		};
		092C08E62C841B5000FE5A6F /* Resources */ = {
			isa = PBXResourcesBuildPhase;
			buildActionMask = 2147483647;
			files = (
			);
			runOnlyForDeploymentPostprocessing = 0;
		};
/* End PBXResourcesBuildPhase section */

/* Begin PBXShellScriptBuildPhase section */
		88FF0E614BEEC03181DCCD57 /* [CP] Check Pods Manifest.lock */ = {
			isa = PBXShellScriptBuildPhase;
			buildActionMask = 2147483647;
			files = (
			);
			inputFileListPaths = (
			);
			inputPaths = (
				"${PODS_PODFILE_DIR_PATH}/Podfile.lock",
				"${PODS_ROOT}/Manifest.lock",
			);
			name = "[CP] Check Pods Manifest.lock";
			outputFileListPaths = (
			);
			outputPaths = (
				"$(DERIVED_FILE_DIR)/Pods-swift-sample-checkManifestLockResult.txt",
			);
			runOnlyForDeploymentPostprocessing = 0;
			shellPath = /bin/sh;
			shellScript = "diff \"${PODS_PODFILE_DIR_PATH}/Podfile.lock\" \"${PODS_ROOT}/Manifest.lock\" > /dev/null\nif [ $? != 0 ] ; then\n    # print error to STDERR\n    echo \"error: The sandbox is not in sync with the Podfile.lock. Run 'pod install' or update your CocoaPods installation.\" >&2\n    exit 1\nfi\n# This output is used by Xcode 'outputs' to avoid re-running this script phase.\necho \"SUCCESS\" > \"${SCRIPT_OUTPUT_FILE_0}\"\n";
			showEnvVarsInLog = 0;
		};
		97893180D42EA8E1E0ECECA5 /* [CP] Check Pods Manifest.lock */ = {
			isa = PBXShellScriptBuildPhase;
			buildActionMask = 2147483647;
			files = (
			);
			inputFileListPaths = (
			);
			inputPaths = (
				"${PODS_PODFILE_DIR_PATH}/Podfile.lock",
				"${PODS_ROOT}/Manifest.lock",
			);
			name = "[CP] Check Pods Manifest.lock";
			outputFileListPaths = (
			);
			outputPaths = (
				"$(DERIVED_FILE_DIR)/Pods-swift-sample-swift-sampleUITests-checkManifestLockResult.txt",
			);
			runOnlyForDeploymentPostprocessing = 0;
			shellPath = /bin/sh;
			shellScript = "diff \"${PODS_PODFILE_DIR_PATH}/Podfile.lock\" \"${PODS_ROOT}/Manifest.lock\" > /dev/null\nif [ $? != 0 ] ; then\n    # print error to STDERR\n    echo \"error: The sandbox is not in sync with the Podfile.lock. Run 'pod install' or update your CocoaPods installation.\" >&2\n    exit 1\nfi\n# This output is used by Xcode 'outputs' to avoid re-running this script phase.\necho \"SUCCESS\" > \"${SCRIPT_OUTPUT_FILE_0}\"\n";
			showEnvVarsInLog = 0;
		};
		D6F30EC4F8BD9D3FF0478DB3 /* [CP] Check Pods Manifest.lock */ = {
			isa = PBXShellScriptBuildPhase;
			buildActionMask = 2147483647;
			files = (
			);
			inputFileListPaths = (
			);
			inputPaths = (
				"${PODS_PODFILE_DIR_PATH}/Podfile.lock",
				"${PODS_ROOT}/Manifest.lock",
			);
			name = "[CP] Check Pods Manifest.lock";
			outputFileListPaths = (
			);
			outputPaths = (
				"$(DERIVED_FILE_DIR)/Pods-swift-sampleTests-checkManifestLockResult.txt",
			);
			runOnlyForDeploymentPostprocessing = 0;
			shellPath = /bin/sh;
			shellScript = "diff \"${PODS_PODFILE_DIR_PATH}/Podfile.lock\" \"${PODS_ROOT}/Manifest.lock\" > /dev/null\nif [ $? != 0 ] ; then\n    # print error to STDERR\n    echo \"error: The sandbox is not in sync with the Podfile.lock. Run 'pod install' or update your CocoaPods installation.\" >&2\n    exit 1\nfi\n# This output is used by Xcode 'outputs' to avoid re-running this script phase.\necho \"SUCCESS\" > \"${SCRIPT_OUTPUT_FILE_0}\"\n";
			showEnvVarsInLog = 0;
		};
/* End PBXShellScriptBuildPhase section */

/* Begin PBXSourcesBuildPhase section */
		092C08C42C841B4F00FE5A6F /* Sources */ = {
			isa = PBXSourcesBuildPhase;
			buildActionMask = 2147483647;
			files = (
				099C4FC52C8D748A00D1EC8B /* MenuListItem.swift in Sources */,
				092C09012C841F3400FE5A6F /* SampleButton.swift in Sources */,
				099C4FC32C8D746D00D1EC8B /* MenuListItems.swift in Sources */,
				092C08D02C841B4F00FE5A6F /* MainViewController.swift in Sources */,
				09C7C6B42C8445B1001E78EB /* MenuListTableViewCell.swift in Sources */,
				0950F8F72C92DA53000AD5EC /* SampleLabel.swift in Sources */,
				092C08CC2C841B4F00FE5A6F /* AppDelegate.swift in Sources */,
				0950F8F32C92CF98000AD5EC /* DisableButton.swift in Sources */,
				09C7C6B22C8445A4001E78EB /* MenuListTableView.swift in Sources */,
				09C7C6AF2C844566001E78EB /* MenuListViewController.swift in Sources */,
				09C7C6A92C84423E001E78EB /* ButtonViewController.swift in Sources */,
				092C08CE2C841B4F00FE5A6F /* SceneDelegate.swift in Sources */,
				099C4FC12C8D739000D1EC8B /* MenuListModel.swift in Sources */,
				0950F8F52C92D15E000AD5EC /* SystemBGColorView.swift in Sources */,
				0969B6942C8EE73400644EB8 /* UIColorExtension.swift in Sources */,
			);
			runOnlyForDeploymentPostprocessing = 0;
		};
		092C08DA2C841B5000FE5A6F /* Sources */ = {
			isa = PBXSourcesBuildPhase;
			buildActionMask = 2147483647;
			files = (
				092C08E32C841B5000FE5A6F /* swift_sampleTests.swift in Sources */,
			);
			runOnlyForDeploymentPostprocessing = 0;
		};
		092C08E42C841B5000FE5A6F /* Sources */ = {
			isa = PBXSourcesBuildPhase;
			buildActionMask = 2147483647;
			files = (
				092C08EF2C841B5000FE5A6F /* swift_sampleUITestsLaunchTests.swift in Sources */,
				092C08ED2C841B5000FE5A6F /* swift_sampleUITests.swift in Sources */,
			);
			runOnlyForDeploymentPostprocessing = 0;
		};
/* End PBXSourcesBuildPhase section */

/* Begin PBXTargetDependency section */
		092C08E02C841B5000FE5A6F /* PBXTargetDependency */ = {
			isa = PBXTargetDependency;
			target = 092C08C72C841B4F00FE5A6F /* swift-sample */;
			targetProxy = 092C08DF2C841B5000FE5A6F /* PBXContainerItemProxy */;
		};
		092C08EA2C841B5000FE5A6F /* PBXTargetDependency */ = {
			isa = PBXTargetDependency;
			target = 092C08C72C841B4F00FE5A6F /* swift-sample */;
			targetProxy = 092C08E92C841B5000FE5A6F /* PBXContainerItemProxy */;
		};
/* End PBXTargetDependency section */

/* Begin PBXVariantGroup section */
		092C08D12C841B4F00FE5A6F /* Main.storyboard */ = {
			isa = PBXVariantGroup;
			children = (
				092C08D22C841B4F00FE5A6F /* Base */,
			);
			name = Main.storyboard;
			sourceTree = "<group>";
		};
		092C08D62C841B5000FE5A6F /* LaunchScreen.storyboard */ = {
			isa = PBXVariantGroup;
			children = (
				092C08D72C841B5000FE5A6F /* Base */,
			);
			name = LaunchScreen.storyboard;
			sourceTree = "<group>";
		};
/* End PBXVariantGroup section */

/* Begin XCBuildConfiguration section */
		092C08F02C841B5000FE5A6F /* Debug */ = {
			isa = XCBuildConfiguration;
			buildSettings = {
				ALWAYS_SEARCH_USER_PATHS = NO;
				ASSETCATALOG_COMPILER_GENERATE_SWIFT_ASSET_SYMBOL_EXTENSIONS = YES;
				CLANG_ANALYZER_NONNULL = YES;
				CLANG_ANALYZER_NUMBER_OBJECT_CONVERSION = YES_AGGRESSIVE;
				CLANG_CXX_LANGUAGE_STANDARD = "gnu++20";
				CLANG_ENABLE_MODULES = YES;
				CLANG_ENABLE_OBJC_ARC = YES;
				CLANG_ENABLE_OBJC_WEAK = YES;
				CLANG_WARN_BLOCK_CAPTURE_AUTORELEASING = YES;
				CLANG_WARN_BOOL_CONVERSION = YES;
				CLANG_WARN_COMMA = YES;
				CLANG_WARN_CONSTANT_CONVERSION = YES;
				CLANG_WARN_DEPRECATED_OBJC_IMPLEMENTATIONS = YES;
				CLANG_WARN_DIRECT_OBJC_ISA_USAGE = YES_ERROR;
				CLANG_WARN_DOCUMENTATION_COMMENTS = YES;
				CLANG_WARN_EMPTY_BODY = YES;
				CLANG_WARN_ENUM_CONVERSION = YES;
				CLANG_WARN_INFINITE_RECURSION = YES;
				CLANG_WARN_INT_CONVERSION = YES;
				CLANG_WARN_NON_LITERAL_NULL_CONVERSION = YES;
				CLANG_WARN_OBJC_IMPLICIT_RETAIN_SELF = YES;
				CLANG_WARN_OBJC_LITERAL_CONVERSION = YES;
				CLANG_WARN_OBJC_ROOT_CLASS = YES_ERROR;
				CLANG_WARN_QUOTED_INCLUDE_IN_FRAMEWORK_HEADER = YES;
				CLANG_WARN_RANGE_LOOP_ANALYSIS = YES;
				CLANG_WARN_STRICT_PROTOTYPES = YES;
				CLANG_WARN_SUSPICIOUS_MOVE = YES;
				CLANG_WARN_UNGUARDED_AVAILABILITY = YES_AGGRESSIVE;
				CLANG_WARN_UNREACHABLE_CODE = YES;
				CLANG_WARN__DUPLICATE_METHOD_MATCH = YES;
				COPY_PHASE_STRIP = NO;
				DEBUG_INFORMATION_FORMAT = dwarf;
				ENABLE_STRICT_OBJC_MSGSEND = YES;
				ENABLE_TESTABILITY = YES;
				ENABLE_USER_SCRIPT_SANDBOXING = YES;
				GCC_C_LANGUAGE_STANDARD = gnu17;
				GCC_DYNAMIC_NO_PIC = NO;
				GCC_NO_COMMON_BLOCKS = YES;
				GCC_OPTIMIZATION_LEVEL = 0;
				GCC_PREPROCESSOR_DEFINITIONS = (
					"DEBUG=1",
					"$(inherited)",
				);
				GCC_WARN_64_TO_32_BIT_CONVERSION = YES;
				GCC_WARN_ABOUT_RETURN_TYPE = YES_ERROR;
				GCC_WARN_UNDECLARED_SELECTOR = YES;
				GCC_WARN_UNINITIALIZED_AUTOS = YES_AGGRESSIVE;
				GCC_WARN_UNUSED_FUNCTION = YES;
				GCC_WARN_UNUSED_VARIABLE = YES;
				IPHONEOS_DEPLOYMENT_TARGET = 17.5;
				LOCALIZATION_PREFERS_STRING_CATALOGS = YES;
				MTL_ENABLE_DEBUG_INFO = INCLUDE_SOURCE;
				MTL_FAST_MATH = YES;
				ONLY_ACTIVE_ARCH = YES;
				SDKROOT = iphoneos;
				SWIFT_ACTIVE_COMPILATION_CONDITIONS = "DEBUG $(inherited)";
				SWIFT_OPTIMIZATION_LEVEL = "-Onone";
			};
			name = Debug;
		};
		092C08F12C841B5000FE5A6F /* Release */ = {
			isa = XCBuildConfiguration;
			buildSettings = {
				ALWAYS_SEARCH_USER_PATHS = NO;
				ASSETCATALOG_COMPILER_GENERATE_SWIFT_ASSET_SYMBOL_EXTENSIONS = YES;
				CLANG_ANALYZER_NONNULL = YES;
				CLANG_ANALYZER_NUMBER_OBJECT_CONVERSION = YES_AGGRESSIVE;
				CLANG_CXX_LANGUAGE_STANDARD = "gnu++20";
				CLANG_ENABLE_MODULES = YES;
				CLANG_ENABLE_OBJC_ARC = YES;
				CLANG_ENABLE_OBJC_WEAK = YES;
				CLANG_WARN_BLOCK_CAPTURE_AUTORELEASING = YES;
				CLANG_WARN_BOOL_CONVERSION = YES;
				CLANG_WARN_COMMA = YES;
				CLANG_WARN_CONSTANT_CONVERSION = YES;
				CLANG_WARN_DEPRECATED_OBJC_IMPLEMENTATIONS = YES;
				CLANG_WARN_DIRECT_OBJC_ISA_USAGE = YES_ERROR;
				CLANG_WARN_DOCUMENTATION_COMMENTS = YES;
				CLANG_WARN_EMPTY_BODY = YES;
				CLANG_WARN_ENUM_CONVERSION = YES;
				CLANG_WARN_INFINITE_RECURSION = YES;
				CLANG_WARN_INT_CONVERSION = YES;
				CLANG_WARN_NON_LITERAL_NULL_CONVERSION = YES;
				CLANG_WARN_OBJC_IMPLICIT_RETAIN_SELF = YES;
				CLANG_WARN_OBJC_LITERAL_CONVERSION = YES;
				CLANG_WARN_OBJC_ROOT_CLASS = YES_ERROR;
				CLANG_WARN_QUOTED_INCLUDE_IN_FRAMEWORK_HEADER = YES;
				CLANG_WARN_RANGE_LOOP_ANALYSIS = YES;
				CLANG_WARN_STRICT_PROTOTYPES = YES;
				CLANG_WARN_SUSPICIOUS_MOVE = YES;
				CLANG_WARN_UNGUARDED_AVAILABILITY = YES_AGGRESSIVE;
				CLANG_WARN_UNREACHABLE_CODE = YES;
				CLANG_WARN__DUPLICATE_METHOD_MATCH = YES;
				COPY_PHASE_STRIP = NO;
				DEBUG_INFORMATION_FORMAT = "dwarf-with-dsym";
				ENABLE_NS_ASSERTIONS = NO;
				ENABLE_STRICT_OBJC_MSGSEND = YES;
				ENABLE_USER_SCRIPT_SANDBOXING = YES;
				GCC_C_LANGUAGE_STANDARD = gnu17;
				GCC_NO_COMMON_BLOCKS = YES;
				GCC_WARN_64_TO_32_BIT_CONVERSION = YES;
				GCC_WARN_ABOUT_RETURN_TYPE = YES_ERROR;
				GCC_WARN_UNDECLARED_SELECTOR = YES;
				GCC_WARN_UNINITIALIZED_AUTOS = YES_AGGRESSIVE;
				GCC_WARN_UNUSED_FUNCTION = YES;
				GCC_WARN_UNUSED_VARIABLE = YES;
				IPHONEOS_DEPLOYMENT_TARGET = 17.5;
				LOCALIZATION_PREFERS_STRING_CATALOGS = YES;
				MTL_ENABLE_DEBUG_INFO = NO;
				MTL_FAST_MATH = YES;
				SDKROOT = iphoneos;
				SWIFT_COMPILATION_MODE = wholemodule;
				VALIDATE_PRODUCT = YES;
			};
			name = Release;
		};
		092C08F32C841B5000FE5A6F /* Debug */ = {
			isa = XCBuildConfiguration;
			baseConfigurationReference = 333663AA5DBB52CC91A2EF21 /* Pods-swift-sample.debug.xcconfig */;
			buildSettings = {
				ASSETCATALOG_COMPILER_APPICON_NAME = AppIcon;
				ASSETCATALOG_COMPILER_GLOBAL_ACCENT_COLOR_NAME = AccentColor;
				"CODE_SIGN_IDENTITY[sdk=iphoneos*]" = "iPhone Developer";
				CODE_SIGN_STYLE = Manual;
				CURRENT_PROJECT_VERSION = 1;
				DEVELOPMENT_TEAM = "";
				"DEVELOPMENT_TEAM[sdk=iphoneos*]" = T872TC8PM8;
				GENERATE_INFOPLIST_FILE = YES;
				INFOPLIST_FILE = "swift-sample/Info.plist";
				INFOPLIST_KEY_UIApplicationSupportsIndirectInputEvents = YES;
				INFOPLIST_KEY_UILaunchStoryboardName = LaunchScreen;
				INFOPLIST_KEY_UIMainStoryboardFile = Main;
				INFOPLIST_KEY_UISupportedInterfaceOrientations_iPad = "UIInterfaceOrientationPortrait UIInterfaceOrientationPortraitUpsideDown UIInterfaceOrientationLandscapeLeft UIInterfaceOrientationLandscapeRight";
				INFOPLIST_KEY_UISupportedInterfaceOrientations_iPhone = "UIInterfaceOrientationPortrait UIInterfaceOrientationLandscapeLeft UIInterfaceOrientationLandscapeRight";
				IPHONEOS_DEPLOYMENT_TARGET = 14.0;
				LD_RUNPATH_SEARCH_PATHS = (
					"$(inherited)",
					"@executable_path/Frameworks",
				);
				MARKETING_VERSION = 1.0;
				PRODUCT_BUNDLE_IDENTIFIER = com.psychedelicnekopunch.SwiftSampleDev2;
				PRODUCT_NAME = "$(TARGET_NAME)";
				PROVISIONING_PROFILE_SPECIFIER = "";
				"PROVISIONING_PROFILE_SPECIFIER[sdk=iphoneos*]" = SwiftSampleDev2;
				SWIFT_EMIT_LOC_STRINGS = YES;
				SWIFT_VERSION = 5.0;
				TARGETED_DEVICE_FAMILY = "1,2";
			};
			name = Debug;
		};
		092C08F42C841B5000FE5A6F /* Release */ = {
			isa = XCBuildConfiguration;
			baseConfigurationReference = C3FB58B16F7557D4C769D009 /* Pods-swift-sample.release.xcconfig */;
			buildSettings = {
				ASSETCATALOG_COMPILER_APPICON_NAME = AppIcon;
				ASSETCATALOG_COMPILER_GLOBAL_ACCENT_COLOR_NAME = AccentColor;
				CODE_SIGN_STYLE = Manual;
				CURRENT_PROJECT_VERSION = 1;
				DEVELOPMENT_TEAM = "";
				GENERATE_INFOPLIST_FILE = YES;
				INFOPLIST_FILE = "swift-sample/Info.plist";
				INFOPLIST_KEY_UIApplicationSupportsIndirectInputEvents = YES;
				INFOPLIST_KEY_UILaunchStoryboardName = LaunchScreen;
				INFOPLIST_KEY_UIMainStoryboardFile = Main;
				INFOPLIST_KEY_UISupportedInterfaceOrientations_iPad = "UIInterfaceOrientationPortrait UIInterfaceOrientationPortraitUpsideDown UIInterfaceOrientationLandscapeLeft UIInterfaceOrientationLandscapeRight";
				INFOPLIST_KEY_UISupportedInterfaceOrientations_iPhone = "UIInterfaceOrientationPortrait UIInterfaceOrientationLandscapeLeft UIInterfaceOrientationLandscapeRight";
				IPHONEOS_DEPLOYMENT_TARGET = 14.0;
				LD_RUNPATH_SEARCH_PATHS = (
					"$(inherited)",
					"@executable_path/Frameworks",
				);
				MARKETING_VERSION = 1.0;
				PRODUCT_BUNDLE_IDENTIFIER = com.psychedelicnekopunch.SwiftSample;
				PRODUCT_NAME = "$(TARGET_NAME)";
				PROVISIONING_PROFILE_SPECIFIER = "";
				SWIFT_EMIT_LOC_STRINGS = YES;
				SWIFT_VERSION = 5.0;
				TARGETED_DEVICE_FAMILY = "1,2";
			};
			name = Release;
		};
		092C08F62C841B5000FE5A6F /* Debug */ = {
			isa = XCBuildConfiguration;
			baseConfigurationReference = D4DAD498353C85946BC10F76 /* Pods-swift-sampleTests.debug.xcconfig */;
			buildSettings = {
				ALWAYS_EMBED_SWIFT_STANDARD_LIBRARIES = YES;
				BUNDLE_LOADER = "$(TEST_HOST)";
				CODE_SIGN_STYLE = Automatic;
				CURRENT_PROJECT_VERSION = 1;
				DEVELOPMENT_TEAM = 5WP3YYWB73;
				GENERATE_INFOPLIST_FILE = YES;
				IPHONEOS_DEPLOYMENT_TARGET = 17.5;
				MARKETING_VERSION = 1.0;
				PRODUCT_BUNDLE_IDENTIFIER = "com.psychedelicnekopunch.SwiftSample.swift-sampleTests";
				PRODUCT_NAME = "$(TARGET_NAME)";
				SWIFT_EMIT_LOC_STRINGS = NO;
				SWIFT_VERSION = 5.0;
				TARGETED_DEVICE_FAMILY = "1,2";
				TEST_HOST = "$(BUILT_PRODUCTS_DIR)/swift-sample.app/$(BUNDLE_EXECUTABLE_FOLDER_PATH)/swift-sample";
			};
			name = Debug;
		};
		092C08F72C841B5000FE5A6F /* Release */ = {
			isa = XCBuildConfiguration;
			baseConfigurationReference = E79955541E55E40A31A657BF /* Pods-swift-sampleTests.release.xcconfig */;
			buildSettings = {
				ALWAYS_EMBED_SWIFT_STANDARD_LIBRARIES = YES;
				BUNDLE_LOADER = "$(TEST_HOST)";
				CODE_SIGN_STYLE = Automatic;
				CURRENT_PROJECT_VERSION = 1;
				DEVELOPMENT_TEAM = 5WP3YYWB73;
				GENERATE_INFOPLIST_FILE = YES;
				IPHONEOS_DEPLOYMENT_TARGET = 17.5;
				MARKETING_VERSION = 1.0;
				PRODUCT_BUNDLE_IDENTIFIER = "com.psychedelicnekopunch.SwiftSample.swift-sampleTests";
				PRODUCT_NAME = "$(TARGET_NAME)";
				SWIFT_EMIT_LOC_STRINGS = NO;
				SWIFT_VERSION = 5.0;
				TARGETED_DEVICE_FAMILY = "1,2";
				TEST_HOST = "$(BUILT_PRODUCTS_DIR)/swift-sample.app/$(BUNDLE_EXECUTABLE_FOLDER_PATH)/swift-sample";
			};
			name = Release;
		};
		092C08F92C841B5000FE5A6F /* Debug */ = {
			isa = XCBuildConfiguration;
			baseConfigurationReference = EB6D179D5752103BEE3DCFE6 /* Pods-swift-sample-swift-sampleUITests.debug.xcconfig */;
			buildSettings = {
				ALWAYS_EMBED_SWIFT_STANDARD_LIBRARIES = YES;
				CODE_SIGN_STYLE = Automatic;
				CURRENT_PROJECT_VERSION = 1;
				DEVELOPMENT_TEAM = 5WP3YYWB73;
				GENERATE_INFOPLIST_FILE = YES;
				MARKETING_VERSION = 1.0;
				PRODUCT_BUNDLE_IDENTIFIER = "com.psychedelicnekopunch.SwiftSample.swift-sampleUITests";
				PRODUCT_NAME = "$(TARGET_NAME)";
				SWIFT_EMIT_LOC_STRINGS = NO;
				SWIFT_VERSION = 5.0;
				TARGETED_DEVICE_FAMILY = "1,2";
				TEST_TARGET_NAME = "swift-sample";
			};
			name = Debug;
		};
		092C08FA2C841B5000FE5A6F /* Release */ = {
			isa = XCBuildConfiguration;
			baseConfigurationReference = 4324D25CECC828AD8CD328F4 /* Pods-swift-sample-swift-sampleUITests.release.xcconfig */;
			buildSettings = {
				ALWAYS_EMBED_SWIFT_STANDARD_LIBRARIES = YES;
				CODE_SIGN_STYLE = Automatic;
				CURRENT_PROJECT_VERSION = 1;
				DEVELOPMENT_TEAM = 5WP3YYWB73;
				GENERATE_INFOPLIST_FILE = YES;
				MARKETING_VERSION = 1.0;
				PRODUCT_BUNDLE_IDENTIFIER = "com.psychedelicnekopunch.SwiftSample.swift-sampleUITests";
				PRODUCT_NAME = "$(TARGET_NAME)";
				SWIFT_EMIT_LOC_STRINGS = NO;
				SWIFT_VERSION = 5.0;
				TARGETED_DEVICE_FAMILY = "1,2";
				TEST_TARGET_NAME = "swift-sample";
			};
			name = Release;
		};
/* End XCBuildConfiguration section */

/* Begin XCConfigurationList section */
		092C08C32C841B4F00FE5A6F /* Build configuration list for PBXProject "swift-sample" */ = {
			isa = XCConfigurationList;
			buildConfigurations = (
				092C08F02C841B5000FE5A6F /* Debug */,
				092C08F12C841B5000FE5A6F /* Release */,
			);
			defaultConfigurationIsVisible = 0;
			defaultConfigurationName = Release;
		};
		092C08F22C841B5000FE5A6F /* Build configuration list for PBXNativeTarget "swift-sample" */ = {
			isa = XCConfigurationList;
			buildConfigurations = (
				092C08F32C841B5000FE5A6F /* Debug */,
				092C08F42C841B5000FE5A6F /* Release */,
			);
			defaultConfigurationIsVisible = 0;
			defaultConfigurationName = Release;
		};
		092C08F52C841B5000FE5A6F /* Build configuration list for PBXNativeTarget "swift-sampleTests" */ = {
			isa = XCConfigurationList;
			buildConfigurations = (
				092C08F62C841B5000FE5A6F /* Debug */,
				092C08F72C841B5000FE5A6F /* Release */,
			);
			defaultConfigurationIsVisible = 0;
			defaultConfigurationName = Release;
		};
		092C08F82C841B5000FE5A6F /* Build configuration list for PBXNativeTarget "swift-sampleUITests" */ = {
			isa = XCConfigurationList;
			buildConfigurations = (
				092C08F92C841B5000FE5A6F /* Debug */,
				092C08FA2C841B5000FE5A6F /* Release */,
			);
			defaultConfigurationIsVisible = 0;
			defaultConfigurationName = Release;
		};
/* End XCConfigurationList section */
	};
	rootObject = 092C08C02C841B4F00FE5A6F /* Project object */;
}
